// !$*UTF8*$!
{
	archiveVersion = 1;
	classes = {
	};
	objectVersion = 56;
	objects = {

/* Begin PBXBuildFile section */
		860307D429435797007AD12F /* YemeklerUygulamasiApp.swift in Sources */ = {isa = PBXBuildFile; fileRef = 860307D329435797007AD12F /* YemeklerUygulamasiApp.swift */; };
		860307D629435797007AD12F /* ContentView.swift in Sources */ = {isa = PBXBuildFile; fileRef = 860307D529435797007AD12F /* ContentView.swift */; };
		860307D829435799007AD12F /* Assets.xcassets in Resources */ = {isa = PBXBuildFile; fileRef = 860307D729435799007AD12F /* Assets.xcassets */; };
		860307DB29435799007AD12F /* Preview Assets.xcassets in Resources */ = {isa = PBXBuildFile; fileRef = 860307DA29435799007AD12F /* Preview Assets.xcassets */; };
		860307E529435799007AD12F /* YemeklerUygulamasiTests.swift in Sources */ = {isa = PBXBuildFile; fileRef = 860307E429435799007AD12F /* YemeklerUygulamasiTests.swift */; };
		860307EF29435799007AD12F /* YemeklerUygulamasiUITests.swift in Sources */ = {isa = PBXBuildFile; fileRef = 860307EE29435799007AD12F /* YemeklerUygulamasiUITests.swift */; };
		860307F129435799007AD12F /* YemeklerUygulamasiUITestsLaunchTests.swift in Sources */ = {isa = PBXBuildFile; fileRef = 860307F029435799007AD12F /* YemeklerUygulamasiUITestsLaunchTests.swift */; };
/* End PBXBuildFile section */

/* Begin PBXContainerItemProxy section */
		860307E129435799007AD12F /* PBXContainerItemProxy */ = {
			isa = PBXContainerItemProxy;
			containerPortal = 860307C829435797007AD12F /* Project object */;
			proxyType = 1;
			remoteGlobalIDString = 860307CF29435797007AD12F;
			remoteInfo = YemeklerUygulamasi;
		};
		860307EB29435799007AD12F /* PBXContainerItemProxy */ = {
			isa = PBXContainerItemProxy;
			containerPortal = 860307C829435797007AD12F /* Project object */;
			proxyType = 1;
			remoteGlobalIDString = 860307CF29435797007AD12F;
			remoteInfo = YemeklerUygulamasi;
		};
/* End PBXContainerItemProxy section */

/* Begin PBXFileReference section */
		860307D029435797007AD12F /* YemeklerUygulamasi.app */ = {isa = PBXFileReference; explicitFileType = wrapper.application; includeInIndex = 0; path = YemeklerUygulamasi.app; sourceTree = BUILT_PRODUCTS_DIR; };
		860307D329435797007AD12F /* YemeklerUygulamasiApp.swift */ = {isa = PBXFileReference; lastKnownFileType = sourcecode.swift; path = YemeklerUygulamasiApp.swift; sourceTree = "<group>"; };
		860307D529435797007AD12F /* ContentView.swift */ = {isa = PBXFileReference; lastKnownFileType = sourcecode.swift; path = ContentView.swift; sourceTree = "<group>"; };
		860307D729435799007AD12F /* Assets.xcassets */ = {isa = PBXFileReference; lastKnownFileType = folder.assetcatalog; path = Assets.xcassets; sourceTree = "<group>"; };
		860307DA29435799007AD12F /* Preview Assets.xcassets */ = {isa = PBXFileReference; lastKnownFileType = folder.assetcatalog; path = "Preview Assets.xcassets"; sourceTree = "<group>"; };
		860307E029435799007AD12F /* YemeklerUygulamasiTests.xctest */ = {isa = PBXFileReference; explicitFileType = wrapper.cfbundle; includeInIndex = 0; path = YemeklerUygulamasiTests.xctest; sourceTree = BUILT_PRODUCTS_DIR; };
		860307E429435799007AD12F /* YemeklerUygulamasiTests.swift */ = {isa = PBXFileReference; lastKnownFileType = sourcecode.swift; path = YemeklerUygulamasiTests.swift; sourceTree = "<group>"; };
		860307EA29435799007AD12F /* YemeklerUygulamasiUITests.xctest */ = {isa = PBXFileReference; explicitFileType = wrapper.cfbundle; includeInIndex = 0; path = YemeklerUygulamasiUITests.xctest; sourceTree = BUILT_PRODUCTS_DIR; };
		860307EE29435799007AD12F /* YemeklerUygulamasiUITests.swift */ = {isa = PBXFileReference; lastKnownFileType = sourcecode.swift; path = YemeklerUygulamasiUITests.swift; sourceTree = "<group>"; };
		860307F029435799007AD12F /* YemeklerUygulamasiUITestsLaunchTests.swift */ = {isa = PBXFileReference; lastKnownFileType = sourcecode.swift; path = YemeklerUygulamasiUITestsLaunchTests.swift; sourceTree = "<group>"; };
/* End PBXFileReference section */

/* Begin PBXFrameworksBuildPhase section */
		860307CD29435797007AD12F /* Frameworks */ = {
			isa = PBXFrameworksBuildPhase;
			buildActionMask = 2147483647;
			files = (
			);
			runOnlyForDeploymentPostprocessing = 0;
		};
		860307DD29435799007AD12F /* Frameworks */ = {
			isa = PBXFrameworksBuildPhase;
			buildActionMask = 2147483647;
			files = (
			);
			runOnlyForDeploymentPostprocessing = 0;
		};
		860307E729435799007AD12F /* Frameworks */ = {
			isa = PBXFrameworksBuildPhase;
			buildActionMask = 2147483647;
			files = (
			);
			runOnlyForDeploymentPostprocessing = 0;
		};
/* End PBXFrameworksBuildPhase section */

/* Begin PBXGroup section */
		860307C729435797007AD12F = {
			isa = PBXGroup;
			children = (
				860307D229435797007AD12F /* YemeklerUygulamasi */,
				860307E329435799007AD12F /* YemeklerUygulamasiTests */,
				860307ED29435799007AD12F /* YemeklerUygulamasiUITests */,
				860307D129435797007AD12F /* Products */,
			);
			sourceTree = "<group>";
		};
		860307D129435797007AD12F /* Products */ = {
			isa = PBXGroup;
			children = (
				860307D029435797007AD12F /* YemeklerUygulamasi.app */,
				860307E029435799007AD12F /* YemeklerUygulamasiTests.xctest */,
				860307EA29435799007AD12F /* YemeklerUygulamasiUITests.xctest */,
			);
			name = Products;
			sourceTree = "<group>";
		};
		860307D229435797007AD12F /* YemeklerUygulamasi */ = {
			isa = PBXGroup;
			children = (
				860307D329435797007AD12F /* YemeklerUygulamasiApp.swift */,
				860307D529435797007AD12F /* ContentView.swift */,
				860307D729435799007AD12F /* Assets.xcassets */,
				860307D929435799007AD12F /* Preview Content */,
			);
			path = YemeklerUygulamasi;
			sourceTree = "<group>";
		};
		860307D929435799007AD12F /* Preview Content */ = {
			isa = PBXGroup;
			children = (
				860307DA29435799007AD12F /* Preview Assets.xcassets */,
			);
			path = "Preview Content";
			sourceTree = "<group>";
		};
		860307E329435799007AD12F /* YemeklerUygulamasiTests */ = {
			isa = PBXGroup;
			children = (
				860307E429435799007AD12F /* YemeklerUygulamasiTests.swift */,
			);
			path = YemeklerUygulamasiTests;
			sourceTree = "<group>";
		};
		860307ED29435799007AD12F /* YemeklerUygulamasiUITests */ = {
			isa = PBXGroup;
			children = (
				860307EE29435799007AD12F /* YemeklerUygulamasiUITests.swift */,
				860307F029435799007AD12F /* YemeklerUygulamasiUITestsLaunchTests.swift */,
			);
			path = YemeklerUygulamasiUITests;
			sourceTree = "<group>";
		};
/* End PBXGroup section */

/* Begin PBXNativeTarget section */
		860307CF29435797007AD12F /* YemeklerUygulamasi */ = {
			isa = PBXNativeTarget;
			buildConfigurationList = 860307F429435799007AD12F /* Build configuration list for PBXNativeTarget "YemeklerUygulamasi" */;
			buildPhases = (
				860307CC29435797007AD12F /* Sources */,
				860307CD29435797007AD12F /* Frameworks */,
				860307CE29435797007AD12F /* Resources */,
			);
			buildRules = (
			);
			dependencies = (
			);
			name = YemeklerUygulamasi;
			productName = YemeklerUygulamasi;
			productReference = 860307D029435797007AD12F /* YemeklerUygulamasi.app */;
			productType = "com.apple.product-type.application";
		};
		860307DF29435799007AD12F /* YemeklerUygulamasiTests */ = {
			isa = PBXNativeTarget;
			buildConfigurationList = 860307F729435799007AD12F /* Build configuration list for PBXNativeTarget "YemeklerUygulamasiTests" */;
			buildPhases = (
				860307DC29435799007AD12F /* Sources */,
				860307DD29435799007AD12F /* Frameworks */,
				860307DE29435799007AD12F /* Resources */,
			);
			buildRules = (
			);
			dependencies = (
				860307E229435799007AD12F /* PBXTargetDependency */,
			);
			name = YemeklerUygulamasiTests;
			productName = YemeklerUygulamasiTests;
			productReference = 860307E029435799007AD12F /* YemeklerUygulamasiTests.xctest */;
			productType = "com.apple.product-type.bundle.unit-test";
		};
		860307E929435799007AD12F /* YemeklerUygulamasiUITests */ = {
			isa = PBXNativeTarget;
			buildConfigurationList = 860307FA29435799007AD12F /* Build configuration list for PBXNativeTarget "YemeklerUygulamasiUITests" */;
			buildPhases = (
				860307E629435799007AD12F /* Sources */,
				860307E729435799007AD12F /* Frameworks */,
				860307E829435799007AD12F /* Resources */,
			);
			buildRules = (
			);
			dependencies = (
				860307EC29435799007AD12F /* PBXTargetDependency */,
			);
			name = YemeklerUygulamasiUITests;
			productName = YemeklerUygulamasiUITests;
			productReference = 860307EA29435799007AD12F /* YemeklerUygulamasiUITests.xctest */;
			productType = "com.apple.product-type.bundle.ui-testing";
		};
/* End PBXNativeTarget section */

/* Begin PBXProject section */
		860307C829435797007AD12F /* Project object */ = {
			isa = PBXProject;
			attributes = {
				BuildIndependentTargetsInParallel = 1;
				LastSwiftUpdateCheck = 1400;
				LastUpgradeCheck = 1400;
				TargetAttributes = {
					860307CF29435797007AD12F = {
						CreatedOnToolsVersion = 14.0.1;
					};
					860307DF29435799007AD12F = {
						CreatedOnToolsVersion = 14.0.1;
						TestTargetID = 860307CF29435797007AD12F;
					};
					860307E929435799007AD12F = {
						CreatedOnToolsVersion = 14.0.1;
						TestTargetID = 860307CF29435797007AD12F;
					};
				};
			};
			buildConfigurationList = 860307CB29435797007AD12F /* Build configuration list for PBXProject "YemeklerUygulamasi" */;
			compatibilityVersion = "Xcode 14.0";
			developmentRegion = en;
			hasScannedForEncodings = 0;
			knownRegions = (
				en,
				Base,
			);
			mainGroup = 860307C729435797007AD12F;
			productRefGroup = 860307D129435797007AD12F /* Products */;
			projectDirPath = "";
			projectRoot = "";
			targets = (
				860307CF29435797007AD12F /* YemeklerUygulamasi */,
				860307DF29435799007AD12F /* YemeklerUygulamasiTests */,
				860307E929435799007AD12F /* YemeklerUygulamasiUITests */,
			);
		};
/* End PBXProject section */

/* Begin PBXResourcesBuildPhase section */
		860307CE29435797007AD12F /* Resources */ = {
			isa = PBXResourcesBuildPhase;
			buildActionMask = 2147483647;
			files = (
				860307DB29435799007AD12F /* Preview Assets.xcassets in Resources */,
				860307D829435799007AD12F /* Assets.xcassets in Resources */,
			);
			runOnlyForDeploymentPostprocessing = 0;
		};
		860307DE29435799007AD12F /* Resources */ = {
			isa = PBXResourcesBuildPhase;
			buildActionMask = 2147483647;
			files = (
			);
			runOnlyForDeploymentPostprocessing = 0;
		};
		860307E829435799007AD12F /* Resources */ = {
			isa = PBXResourcesBuildPhase;
			buildActionMask = 2147483647;
			files = (
			);
			runOnlyForDeploymentPostprocessing = 0;
		};
/* End PBXResourcesBuildPhase section */

/* Begin PBXSourcesBuildPhase section */
		860307CC29435797007AD12F /* Sources */ = {
			isa = PBXSourcesBuildPhase;
			buildActionMask = 2147483647;
			files = (
				860307D629435797007AD12F /* ContentView.swift in Sources */,
				860307D429435797007AD12F /* YemeklerUygulamasiApp.swift in Sources */,
			);
			runOnlyForDeploymentPostprocessing = 0;
		};
		860307DC29435799007AD12F /* Sources */ = {
			isa = PBXSourcesBuildPhase;
			buildActionMask = 2147483647;
			files = (
				860307E529435799007AD12F /* YemeklerUygulamasiTests.swift in Sources */,
			);
			runOnlyForDeploymentPostprocessing = 0;
		};
		860307E629435799007AD12F /* Sources */ = {
			isa = PBXSourcesBuildPhase;
			buildActionMask = 2147483647;
			files = (
				860307EF29435799007AD12F /* YemeklerUygulamasiUITests.swift in Sources */,
				860307F129435799007AD12F /* YemeklerUygulamasiUITestsLaunchTests.swift in Sources */,
			);
			runOnlyForDeploymentPostprocessing = 0;
		};
/* End PBXSourcesBuildPhase section */

/* Begin PBXTargetDependency section */
		860307E229435799007AD12F /* PBXTargetDependency */ = {
			isa = PBXTargetDependency;
			target = 860307CF29435797007AD12F /* YemeklerUygulamasi */;
			targetProxy = 860307E129435799007AD12F /* PBXContainerItemProxy */;
		};
		860307EC29435799007AD12F /* PBXTargetDependency */ = {
			isa = PBXTargetDependency;
			target = 860307CF29435797007AD12F /* YemeklerUygulamasi */;
			targetProxy = 860307EB29435799007AD12F /* PBXContainerItemProxy */;
		};
/* End PBXTargetDependency section */

/* Begin XCBuildConfiguration section */
		860307F229435799007AD12F /* Debug */ = {
			isa = XCBuildConfiguration;
			buildSettings = {
				ALWAYS_SEARCH_USER_PATHS = NO;
				CLANG_ANALYZER_NONNULL = YES;
				CLANG_ANALYZER_NUMBER_OBJECT_CONVERSION = YES_AGGRESSIVE;
				CLANG_CXX_LANGUAGE_STANDARD = "gnu++20";
				CLANG_ENABLE_MODULES = YES;
				CLANG_ENABLE_OBJC_ARC = YES;
				CLANG_ENABLE_OBJC_WEAK = YES;
				CLANG_WARN_BLOCK_CAPTURE_AUTORELEASING = YES;
				CLANG_WARN_BOOL_CONVERSION = YES;
				CLANG_WARN_COMMA = YES;
				CLANG_WARN_CONSTANT_CONVERSION = YES;
				CLANG_WARN_DEPRECATED_OBJC_IMPLEMENTATIONS = YES;
				CLANG_WARN_DIRECT_OBJC_ISA_USAGE = YES_ERROR;
				CLANG_WARN_DOCUMENTATION_COMMENTS = YES;
				CLANG_WARN_EMPTY_BODY = YES;
				CLANG_WARN_ENUM_CONVERSION = YES;
				CLANG_WARN_INFINITE_RECURSION = YES;
				CLANG_WARN_INT_CONVERSION = YES;
				CLANG_WARN_NON_LITERAL_NULL_CONVERSION = YES;
				CLANG_WARN_OBJC_IMPLICIT_RETAIN_SELF = YES;
				CLANG_WARN_OBJC_LITERAL_CONVERSION = YES;
				CLANG_WARN_OBJC_ROOT_CLASS = YES_ERROR;
				CLANG_WARN_QUOTED_INCLUDE_IN_FRAMEWORK_HEADER = YES;
				CLANG_WARN_RANGE_LOOP_ANALYSIS = YES;
				CLANG_WARN_STRICT_PROTOTYPES = YES;
				CLANG_WARN_SUSPICIOUS_MOVE = YES;
				CLANG_WARN_UNGUARDED_AVAILABILITY = YES_AGGRESSIVE;
				CLANG_WARN_UNREACHABLE_CODE = YES;
				CLANG_WARN__DUPLICATE_METHOD_MATCH = YES;
				COPY_PHASE_STRIP = NO;
				DEBUG_INFORMATION_FORMAT = dwarf;
				ENABLE_STRICT_OBJC_MSGSEND = YES;
				ENABLE_TESTABILITY = YES;
				GCC_C_LANGUAGE_STANDARD = gnu11;
				GCC_DYNAMIC_NO_PIC = NO;
				GCC_NO_COMMON_BLOCKS = YES;
				GCC_OPTIMIZATION_LEVEL = 0;
				GCC_PREPROCESSOR_DEFINITIONS = (
					"DEBUG=1",
					"$(inherited)",
				);
				GCC_WARN_64_TO_32_BIT_CONVERSION = YES;
				GCC_WARN_ABOUT_RETURN_TYPE = YES_ERROR;
				GCC_WARN_UNDECLARED_SELECTOR = YES;
				GCC_WARN_UNINITIALIZED_AUTOS = YES_AGGRESSIVE;
				GCC_WARN_UNUSED_FUNCTION = YES;
				GCC_WARN_UNUSED_VARIABLE = YES;
				IPHONEOS_DEPLOYMENT_TARGET = 16.0;
				MTL_ENABLE_DEBUG_INFO = INCLUDE_SOURCE;
				MTL_FAST_MATH = YES;
				ONLY_ACTIVE_ARCH = YES;
				SDKROOT = iphoneos;
				SWIFT_ACTIVE_COMPILATION_CONDITIONS = DEBUG;
				SWIFT_OPTIMIZATION_LEVEL = "-Onone";
			};
			name = Debug;
		};
		860307F329435799007AD12F /* Release */ = {
			isa = XCBuildConfiguration;
			buildSettings = {
				ALWAYS_SEARCH_USER_PATHS = NO;
				CLANG_ANALYZER_NONNULL = YES;
				CLANG_ANALYZER_NUMBER_OBJECT_CONVERSION = YES_AGGRESSIVE;
				CLANG_CXX_LANGUAGE_STANDARD = "gnu++20";
				CLANG_ENABLE_MODULES = YES;
				CLANG_ENABLE_OBJC_ARC = YES;
				CLANG_ENABLE_OBJC_WEAK = YES;
				CLANG_WARN_BLOCK_CAPTURE_AUTORELEASING = YES;
				CLANG_WARN_BOOL_CONVERSION = YES;
				CLANG_WARN_COMMA = YES;
				CLANG_WARN_CONSTANT_CONVERSION = YES;
				CLANG_WARN_DEPRECATED_OBJC_IMPLEMENTATIONS = YES;
				CLANG_WARN_DIRECT_OBJC_ISA_USAGE = YES_ERROR;
				CLANG_WARN_DOCUMENTATION_COMMENTS = YES;
				CLANG_WARN_EMPTY_BODY = YES;
				CLANG_WARN_ENUM_CONVERSION = YES;
				CLANG_WARN_INFINITE_RECURSION = YES;
				CLANG_WARN_INT_CONVERSION = YES;
				CLANG_WARN_NON_LITERAL_NULL_CONVERSION = YES;
				CLANG_WARN_OBJC_IMPLICIT_RETAIN_SELF = YES;
				CLANG_WARN_OBJC_LITERAL_CONVERSION = YES;
				CLANG_WARN_OBJC_ROOT_CLASS = YES_ERROR;
				CLANG_WARN_QUOTED_INCLUDE_IN_FRAMEWORK_HEADER = YES;
				CLANG_WARN_RANGE_LOOP_ANALYSIS = YES;
				CLANG_WARN_STRICT_PROTOTYPES = YES;
				CLANG_WARN_SUSPICIOUS_MOVE = YES;
				CLANG_WARN_UNGUARDED_AVAILABILITY = YES_AGGRESSIVE;
				CLANG_WARN_UNREACHABLE_CODE = YES;
				CLANG_WARN__DUPLICATE_METHOD_MATCH = YES;
				COPY_PHASE_STRIP = NO;
				DEBUG_INFORMATION_FORMAT = "dwarf-with-dsym";
				ENABLE_NS_ASSERTIONS = NO;
				ENABLE_STRICT_OBJC_MSGSEND = YES;
				GCC_C_LANGUAGE_STANDARD = gnu11;
				GCC_NO_COMMON_BLOCKS = YES;
				GCC_WARN_64_TO_32_BIT_CONVERSION = YES;
				GCC_WARN_ABOUT_RETURN_TYPE = YES_ERROR;
				GCC_WARN_UNDECLARED_SELECTOR = YES;
				GCC_WARN_UNINITIALIZED_AUTOS = YES_AGGRESSIVE;
				GCC_WARN_UNUSED_FUNCTION = YES;
				GCC_WARN_UNUSED_VARIABLE = YES;
				IPHONEOS_DEPLOYMENT_TARGET = 16.0;
				MTL_ENABLE_DEBUG_INFO = NO;
				MTL_FAST_MATH = YES;
				SDKROOT = iphoneos;
				SWIFT_COMPILATION_MODE = wholemodule;
				SWIFT_OPTIMIZATION_LEVEL = "-O";
				VALIDATE_PRODUCT = YES;
			};
			name = Release;
		};
		860307F529435799007AD12F /* Debug */ = {
			isa = XCBuildConfiguration;
			buildSettings = {
				ASSETCATALOG_COMPILER_APPICON_NAME = AppIcon;
				ASSETCATALOG_COMPILER_GLOBAL_ACCENT_COLOR_NAME = AccentColor;
				CODE_SIGN_STYLE = Automatic;
				CURRENT_PROJECT_VERSION = 1;
				DEVELOPMENT_ASSET_PATHS = "\"YemeklerUygulamasi/Preview Content\"";
				DEVELOPMENT_TEAM = DW4R8GHFA2;
				ENABLE_PREVIEWS = YES;
				GENERATE_INFOPLIST_FILE = YES;
				INFOPLIST_KEY_UIApplicationSceneManifest_Generation = YES;
				INFOPLIST_KEY_UIApplicationSupportsIndirectInputEvents = YES;
				INFOPLIST_KEY_UILaunchScreen_Generation = YES;
				INFOPLIST_KEY_UISupportedInterfaceOrientations_iPad = "UIInterfaceOrientationPortrait UIInterfaceOrientationPortraitUpsideDown UIInterfaceOrientationLandscapeLeft UIInterfaceOrientationLandscapeRight";
				INFOPLIST_KEY_UISupportedInterfaceOrientations_iPhone = "UIInterfaceOrientationPortrait UIInterfaceOrientationLandscapeLeft UIInterfaceOrientationLandscapeRight";
				LD_RUNPATH_SEARCH_PATHS = (
					"$(inherited)",
					"@executable_path/Frameworks",
				);
				MARKETING_VERSION = 1.0;
				PRODUCT_BUNDLE_IDENTIFIER = ilker.YemeklerUygulamasi;
				PRODUCT_NAME = "$(TARGET_NAME)";
				SWIFT_EMIT_LOC_STRINGS = YES;
				SWIFT_VERSION = 5.0;
				TARGETED_DEVICE_FAMILY = "1,2";
			};
			name = Debug;
		};
		860307F629435799007AD12F /* Release */ = {
			isa = XCBuildConfiguration;
			buildSettings = {
				ASSETCATALOG_COMPILER_APPICON_NAME = AppIcon;
				ASSETCATALOG_COMPILER_GLOBAL_ACCENT_COLOR_NAME = AccentColor;
				CODE_SIGN_STYLE = Automatic;
				CURRENT_PROJECT_VERSION = 1;
				DEVELOPMENT_ASSET_PATHS = "\"YemeklerUygulamasi/Preview Content\"";
				DEVELOPMENT_TEAM = DW4R8GHFA2;
				ENABLE_PREVIEWS = YES;
				GENERATE_INFOPLIST_FILE = YES;
				INFOPLIST_KEY_UIApplicationSceneManifest_Generation = YES;
				INFOPLIST_KEY_UIApplicationSupportsIndirectInputEvents = YES;
				INFOPLIST_KEY_UILaunchScreen_Generation = YES;
				INFOPLIST_KEY_UISupportedInterfaceOrientations_iPad = "UIInterfaceOrientationPortrait UIInterfaceOrientationPortraitUpsideDown UIInterfaceOrientationLandscapeLeft UIInterfaceOrientationLandscapeRight";
				INFOPLIST_KEY_UISupportedInterfaceOrientations_iPhone = "UIInterfaceOrientationPortrait UIInterfaceOrientationLandscapeLeft UIInterfaceOrientationLandscapeRight";
				LD_RUNPATH_SEARCH_PATHS = (
					"$(inherited)",
					"@executable_path/Frameworks",
				);
				MARKETING_VERSION = 1.0;
				PRODUCT_BUNDLE_IDENTIFIER = ilker.YemeklerUygulamasi;
				PRODUCT_NAME = "$(TARGET_NAME)";
				SWIFT_EMIT_LOC_STRINGS = YES;
				SWIFT_VERSION = 5.0;
				TARGETED_DEVICE_FAMILY = "1,2";
			};
			name = Release;
		};
		860307F829435799007AD12F /* Debug */ = {
			isa = XCBuildConfiguration;
			buildSettings = {
				ALWAYS_EMBED_SWIFT_STANDARD_LIBRARIES = YES;
				BUNDLE_LOADER = "$(TEST_HOST)";
				CODE_SIGN_STYLE = Automatic;
				CURRENT_PROJECT_VERSION = 1;
				DEVELOPMENT_TEAM = DW4R8GHFA2;
				GENERATE_INFOPLIST_FILE = YES;
				IPHONEOS_DEPLOYMENT_TARGET = 16.0;
				MARKETING_VERSION = 1.0;
				PRODUCT_BUNDLE_IDENTIFIER = ilker.YemeklerUygulamasiTests;
				PRODUCT_NAME = "$(TARGET_NAME)";
				SWIFT_EMIT_LOC_STRINGS = NO;
				SWIFT_VERSION = 5.0;
				TARGETED_DEVICE_FAMILY = "1,2";
				TEST_HOST = "$(BUILT_PRODUCTS_DIR)/YemeklerUygulamasi.app/$(BUNDLE_EXECUTABLE_FOLDER_PATH)/YemeklerUygulamasi";
			};
			name = Debug;
		};
		860307F929435799007AD12F /* Release */ = {
			isa = XCBuildConfiguration;
			buildSettings = {
				ALWAYS_EMBED_SWIFT_STANDARD_LIBRARIES = YES;
				BUNDLE_LOADER = "$(TEST_HOST)";
				CODE_SIGN_STYLE = Automatic;
				CURRENT_PROJECT_VERSION = 1;
				DEVELOPMENT_TEAM = DW4R8GHFA2;
				GENERATE_INFOPLIST_FILE = YES;
				IPHONEOS_DEPLOYMENT_TARGET = 16.0;
				MARKETING_VERSION = 1.0;
				PRODUCT_BUNDLE_IDENTIFIER = ilker.YemeklerUygulamasiTests;
				PRODUCT_NAME = "$(TARGET_NAME)";
				SWIFT_EMIT_LOC_STRINGS = NO;
				SWIFT_VERSION = 5.0;
				TARGETED_DEVICE_FAMILY = "1,2";
				TEST_HOST = "$(BUILT_PRODUCTS_DIR)/YemeklerUygulamasi.app/$(BUNDLE_EXECUTABLE_FOLDER_PATH)/YemeklerUygulamasi";
			};
			name = Release;
		};
		860307FB29435799007AD12F /* Debug */ = {
			isa = XCBuildConfiguration;
			buildSettings = {
				ALWAYS_EMBED_SWIFT_STANDARD_LIBRARIES = YES;
				CODE_SIGN_STYLE = Automatic;
				CURRENT_PROJECT_VERSION = 1;
				DEVELOPMENT_TEAM = DW4R8GHFA2;
				GENERATE_INFOPLIST_FILE = YES;
				MARKETING_VERSION = 1.0;
				PRODUCT_BUNDLE_IDENTIFIER = ilker.YemeklerUygulamasiUITests;
				PRODUCT_NAME = "$(TARGET_NAME)";
				SWIFT_EMIT_LOC_STRINGS = NO;
				SWIFT_VERSION = 5.0;
				TARGETED_DEVICE_FAMILY = "1,2";
				TEST_TARGET_NAME = YemeklerUygulamasi;
			};
			name = Debug;
		};
		860307FC29435799007AD12F /* Release */ = {
			isa = XCBuildConfiguration;
			buildSettings = {
				ALWAYS_EMBED_SWIFT_STANDARD_LIBRARIES = YES;
				CODE_SIGN_STYLE = Automatic;
				CURRENT_PROJECT_VERSION = 1;
				DEVELOPMENT_TEAM = DW4R8GHFA2;
				GENERATE_INFOPLIST_FILE = YES;
				MARKETING_VERSION = 1.0;
				PRODUCT_BUNDLE_IDENTIFIER = ilker.YemeklerUygulamasiUITests;
				PRODUCT_NAME = "$(TARGET_NAME)";
				SWIFT_EMIT_LOC_STRINGS = NO;
				SWIFT_VERSION = 5.0;
				TARGETED_DEVICE_FAMILY = "1,2";
				TEST_TARGET_NAME = YemeklerUygulamasi;
			};
			name = Release;
		};
/* End XCBuildConfiguration section */

/* Begin XCConfigurationList section */
		860307CB29435797007AD12F /* Build configuration list for PBXProject "YemeklerUygulamasi" */ = {
			isa = XCConfigurationList;
			buildConfigurations = (
				860307F229435799007AD12F /* Debug */,
				860307F329435799007AD12F /* Release */,
			);
			defaultConfigurationIsVisible = 0;
			defaultConfigurationName = Release;
		};
		860307F429435799007AD12F /* Build configuration list for PBXNativeTarget "YemeklerUygulamasi" */ = {
			isa = XCConfigurationList;
			buildConfigurations = (
				860307F529435799007AD12F /* Debug */,
				860307F629435799007AD12F /* Release */,
			);
			defaultConfigurationIsVisible = 0;
			defaultConfigurationName = Release;
		};
		860307F729435799007AD12F /* Build configuration list for PBXNativeTarget "YemeklerUygulamasiTests" */ = {
			isa = XCConfigurationList;
			buildConfigurations = (
				860307F829435799007AD12F /* Debug */,
				860307F929435799007AD12F /* Release */,
			);
			defaultConfigurationIsVisible = 0;
			defaultConfigurationName = Release;
		};
		860307FA29435799007AD12F /* Build configuration list for PBXNativeTarget "YemeklerUygulamasiUITests" */ = {
			isa = XCConfigurationList;
			buildConfigurations = (
				860307FB29435799007AD12F /* Debug */,
				860307FC29435799007AD12F /* Release */,
			);
			defaultConfigurationIsVisible = 0;
			defaultConfigurationName = Release;
		};
/* End XCConfigurationList section */
	};
	rootObject = 860307C829435797007AD12F /* Project object */;
}
